
Microsoft Visual Studio Solution File, Format Version 12.00
# Visual Studio Version 16
VisualStudioVersion = 16.0.28803.202
MinimumVisualStudioVersion = 10.0.40219.1
Project("{FAE04EC0-301F-11D3-BF4B-00C04F79EFBC}") = "TestBotEnterprise", "TestBotEnterprise\TestBotEnterprise\TestBotEnterprise.csproj", "{0A780931-F784-4FD2-B159-250E6FAC0277}"
EndProject
Project("{FAE04EC0-301F-11D3-BF4B-00C04F79EFBC}") = "TestBotEnterprise.Tests", "TestBotEnterprise\TestBotEnterprise.Tests\TestBotEnterprise.Tests.csproj", "{ACC2B88A-EDC8-426B-B240-94FDFCD525D6}"
EndProject
Global
	GlobalSection(SolutionConfigurationPlatforms) = preSolution
		Debug|Any CPU = Debug|Any CPU
		Release|Any CPU = Release|Any CPU
	EndGlobalSection
	GlobalSection(ProjectConfigurationPlatforms) = postSolution
		{0A780931-F784-4FD2-B159-250E6FAC0277}.Debug|Any CPU.ActiveCfg = Debug|Any CPU
		{0A780931-F784-4FD2-B159-250E6FAC0277}.Debug|Any CPU.Build.0 = Debug|Any CPU
		{0A780931-F784-4FD2-B159-250E6FAC0277}.Release|Any CPU.ActiveCfg = Release|Any CPU
		{0A780931-F784-4FD2-B159-250E6FAC0277}.Release|Any CPU.Build.0 = Release|Any CPU
		{ACC2B88A-EDC8-426B-B240-94FDFCD525D6}.Debug|Any CPU.ActiveCfg = Debug|Any CPU
		{ACC2B88A-EDC8-426B-B240-94FDFCD525D6}.Debug|Any CPU.Build.0 = Debug|Any CPU
		{ACC2B88A-EDC8-426B-B240-94FDFCD525D6}.Release|Any CPU.ActiveCfg = Release|Any CPU
		{ACC2B88A-EDC8-426B-B240-94FDFCD525D6}.Release|Any CPU.Build.0 = Release|Any CPU
	EndGlobalSection
	GlobalSection(SolutionProperties) = preSolution
		HideSolutionNode = FALSE
	EndGlobalSection
	GlobalSection(ExtensibilityGlobals) = postSolution
		SolutionGuid = {E2837EAD-9AD1-4AE3-85D9-8A0328729B20}
	EndGlobalSection
EndGlobal
